
Microsoft Visual Studio Solution File, Format Version 12.00
# Visual Studio 14
VisualStudioVersion = 14.0.25420.1
MinimumVisualStudioVersion = 10.0.40219.1
Project("{FAE04EC0-301F-11D3-BF4B-00C04F79EFBC}") = "IIS_backdoor_shell", "IIS_backdoor_shell\IIS_backdoor_shell.csproj", "{73CA4159-5D13-4A27-8965-D50C41AB203C}"
EndProject
Project("{FAE04EC0-301F-11D3-BF4B-00C04F79EFBC}") = "IIS_backdoor_dll", "IIS_backdoor_dll\IIS_backdoor_dll.csproj", "{3FDA4AA9-6FC1-473F-9048-7EDC058C4F65}"
EndProject
Global
	GlobalSection(SolutionConfigurationPlatforms) = preSolution
		Debug|Any CPU = Debug|Any CPU
		Release|Any CPU = Release|Any CPU
	EndGlobalSection
	GlobalSection(ProjectConfigurationPlatforms) = postSolution
		{73CA4159-5D13-4A27-8965-D50C41AB203C}.Debug|Any CPU.ActiveCfg = Debug|Any CPU
		{73CA4159-5D13-4A27-8965-D50C41AB203C}.Debug|Any CPU.Build.0 = Debug|Any CPU
		{73CA4159-5D13-4A27-8965-D50C41AB203C}.Release|Any CPU.ActiveCfg = Release|Any CPU
		{73CA4159-5D13-4A27-8965-D50C41AB203C}.Release|Any CPU.Build.0 = Release|Any CPU
		{3FDA4AA9-6FC1-473F-9048-7EDC058C4F65}.Debug|Any CPU.ActiveCfg = Debug|Any CPU
		{3FDA4AA9-6FC1-473F-9048-7EDC058C4F65}.Debug|Any CPU.Build.0 = Debug|Any CPU
		{3FDA4AA9-6FC1-473F-9048-7EDC058C4F65}.Release|Any CPU.ActiveCfg = Release|Any CPU
		{3FDA4AA9-6FC1-473F-9048-7EDC058C4F65}.Release|Any CPU.Build.0 = Release|Any CPU
	EndGlobalSection
	GlobalSection(SolutionProperties) = preSolution
		HideSolutionNode = FALSE
	EndGlobalSection
EndGlobal
